// !$*UTF8*$!
{
	archiveVersion = 1;
	classes = {
	};
	objectVersion = 46;
	objects = {

/* Begin PBXBuildFile section */
		5C9E26655BE0875910F2BEFF /* Pods.framework in Frameworks */ = {isa = PBXBuildFile; fileRef = 01608DF6FC226A9755C981A7 /* Pods.framework */; };
		A003C9061C53BFCC00575C7A /* UIBarButtonItem+Category.swift in Sources */ = {isa = PBXBuildFile; fileRef = A003C9051C53BFCC00575C7A /* UIBarButtonItem+Category.swift */; };
		A003C9081C53CDB600575C7A /* TitleButton.swift in Sources */ = {isa = PBXBuildFile; fileRef = A003C9071C53CDB600575C7A /* TitleButton.swift */; };
		A003C90B1C53DC1200575C7A /* PopoverViewController.storyboard in Resources */ = {isa = PBXBuildFile; fileRef = A003C90A1C53DC1200575C7A /* PopoverViewController.storyboard */; };
		A003C90F1C53E54C00575C7A /* PopoverPresentationController.swift in Sources */ = {isa = PBXBuildFile; fileRef = A003C90E1C53E54C00575C7A /* PopoverPresentationController.swift */; };
		A003C9111C53E5CA00575C7A /* PopoverViewController.swift in Sources */ = {isa = PBXBuildFile; fileRef = A003C9101C53E5CA00575C7A /* PopoverViewController.swift */; };
		A003C9131C5404D800575C7A /* PopoverAnimator.swift in Sources */ = {isa = PBXBuildFile; fileRef = A003C9121C5404D800575C7A /* PopoverAnimator.swift */; };
		A003C9161C54184B00575C7A /* QRCodeViewController.storyboard in Resources */ = {isa = PBXBuildFile; fileRef = A003C9151C54184B00575C7A /* QRCodeViewController.storyboard */; };
		A003C9181C5418E000575C7A /* QRCodeViewController.swift in Sources */ = {isa = PBXBuildFile; fileRef = A003C9171C5418E000575C7A /* QRCodeViewController.swift */; };
		A00481751C5228A90071EFFF /* AppDelegate.swift in Sources */ = {isa = PBXBuildFile; fileRef = A00481741C5228A90071EFFF /* AppDelegate.swift */; };
		A004817C1C5228A90071EFFF /* Assets.xcassets in Resources */ = {isa = PBXBuildFile; fileRef = A004817B1C5228A90071EFFF /* Assets.xcassets */; };
		A004818A1C5228A90071EFFF /* WeiBoTests.swift in Sources */ = {isa = PBXBuildFile; fileRef = A00481891C5228A90071EFFF /* WeiBoTests.swift */; };
		A00481951C5228A90071EFFF /* WeiBoUITests.swift in Sources */ = {isa = PBXBuildFile; fileRef = A00481941C5228A90071EFFF /* WeiBoUITests.swift */; };
		A00481AB1C523CAE0071EFFF /* MainViewController.swift in Sources */ = {isa = PBXBuildFile; fileRef = A00481AA1C523CAE0071EFFF /* MainViewController.swift */; };
		A00481AD1C523CC80071EFFF /* HomeTableViewController.swift in Sources */ = {isa = PBXBuildFile; fileRef = A00481AC1C523CC80071EFFF /* HomeTableViewController.swift */; };
		A00481AF1C523CEF0071EFFF /* DiscoverTableViewController.swift in Sources */ = {isa = PBXBuildFile; fileRef = A00481AE1C523CEF0071EFFF /* DiscoverTableViewController.swift */; };
		A00481B11C523D000071EFFF /* MessageTableViewController.swift in Sources */ = {isa = PBXBuildFile; fileRef = A00481B01C523D000071EFFF /* MessageTableViewController.swift */; };
		A00481B31C523D0B0071EFFF /* ProfileTableViewController.swift in Sources */ = {isa = PBXBuildFile; fileRef = A00481B21C523D0B0071EFFF /* ProfileTableViewController.swift */; };
		A00481B71C5256E60071EFFF /* MainVCSettings.json in Resources */ = {isa = PBXBuildFile; fileRef = A00481B51C5256E60071EFFF /* MainVCSettings.json */; };
		A007F0781C528C5E00523691 /* NullTableViewController.swift in Sources */ = {isa = PBXBuildFile; fileRef = A007F0771C528C5E00523691 /* NullTableViewController.swift */; };
		A007F07A1C529BA000523691 /* BaseTableViewController.swift in Sources */ = {isa = PBXBuildFile; fileRef = A007F0791C529BA000523691 /* BaseTableViewController.swift */; };
		A007F07C1C529FB300523691 /* VisitorView.swift in Sources */ = {isa = PBXBuildFile; fileRef = A007F07B1C529FB300523691 /* VisitorView.swift */; };
		A007F07E1C52A43000523691 /* UIView+AutoLayout.swift in Sources */ = {isa = PBXBuildFile; fileRef = A007F07D1C52A43000523691 /* UIView+AutoLayout.swift */; };
		A0F90F841C570DD100F65BDF /* OAuthViewController.swift in Sources */ = {isa = PBXBuildFile; fileRef = A0F90F831C570DD100F65BDF /* OAuthViewController.swift */; };
		A0F90F861C57202400F65BDF /* NetworkTools.swift in Sources */ = {isa = PBXBuildFile; fileRef = A0F90F851C57202400F65BDF /* NetworkTools.swift */; };
		A0F90FC71C5756C200F65BDF /* UserAccount.swift in Sources */ = {isa = PBXBuildFile; fileRef = A0F90FC61C5756C100F65BDF /* UserAccount.swift */; };
		A0F90FC91C578A0500F65BDF /* String+Category.swift in Sources */ = {isa = PBXBuildFile; fileRef = A0F90FC81C578A0500F65BDF /* String+Category.swift */; };
		A0FC3BD01C558D2D00872A56 /* QRCodeCardViewController.swift in Sources */ = {isa = PBXBuildFile; fileRef = A0FC3BCF1C558D2D00872A56 /* QRCodeCardViewController.swift */; };
/* End PBXBuildFile section */

/* Begin PBXContainerItemProxy section */
		A00481861C5228A90071EFFF /* PBXContainerItemProxy */ = {
			isa = PBXContainerItemProxy;
			containerPortal = A00481691C5228A90071EFFF /* Project object */;
			proxyType = 1;
			remoteGlobalIDString = A00481701C5228A90071EFFF;
			remoteInfo = WeiBo;
		};
		A00481911C5228A90071EFFF /* PBXContainerItemProxy */ = {
			isa = PBXContainerItemProxy;
			containerPortal = A00481691C5228A90071EFFF /* Project object */;
			proxyType = 1;
			remoteGlobalIDString = A00481701C5228A90071EFFF;
			remoteInfo = WeiBo;
		};
/* End PBXContainerItemProxy section */

/* Begin PBXFileReference section */
		01608DF6FC226A9755C981A7 /* Pods.framework */ = {isa = PBXFileReference; explicitFileType = wrapper.framework; includeInIndex = 0; path = Pods.framework; sourceTree = BUILT_PRODUCTS_DIR; };
		4549C0B86E3B7C9BDC1ECA59 /* Pods.release.xcconfig */ = {isa = PBXFileReference; includeInIndex = 1; lastKnownFileType = text.xcconfig; name = Pods.release.xcconfig; path = "Pods/Target Support Files/Pods/Pods.release.xcconfig"; sourceTree = "<group>"; };
		85048AABAB31CA72F7BCF05F /* Pods.debug.xcconfig */ = {isa = PBXFileReference; includeInIndex = 1; lastKnownFileType = text.xcconfig; name = Pods.debug.xcconfig; path = "Pods/Target Support Files/Pods/Pods.debug.xcconfig"; sourceTree = "<group>"; };
		A003C9051C53BFCC00575C7A /* UIBarButtonItem+Category.swift */ = {isa = PBXFileReference; fileEncoding = 4; lastKnownFileType = sourcecode.swift; path = "UIBarButtonItem+Category.swift"; sourceTree = "<group>"; };
		A003C9071C53CDB600575C7A /* TitleButton.swift */ = {isa = PBXFileReference; fileEncoding = 4; lastKnownFileType = sourcecode.swift; path = TitleButton.swift; sourceTree = "<group>"; };
		A003C90A1C53DC1200575C7A /* PopoverViewController.storyboard */ = {isa = PBXFileReference; fileEncoding = 4; lastKnownFileType = file.storyboard; path = PopoverViewController.storyboard; sourceTree = "<group>"; };
		A003C90E1C53E54C00575C7A /* PopoverPresentationController.swift */ = {isa = PBXFileReference; fileEncoding = 4; lastKnownFileType = sourcecode.swift; path = PopoverPresentationController.swift; sourceTree = "<group>"; };
		A003C9101C53E5CA00575C7A /* PopoverViewController.swift */ = {isa = PBXFileReference; fileEncoding = 4; lastKnownFileType = sourcecode.swift; path = PopoverViewController.swift; sourceTree = "<group>"; };
		A003C9121C5404D800575C7A /* PopoverAnimator.swift */ = {isa = PBXFileReference; fileEncoding = 4; lastKnownFileType = sourcecode.swift; path = PopoverAnimator.swift; sourceTree = "<group>"; };
		A003C9151C54184B00575C7A /* QRCodeViewController.storyboard */ = {isa = PBXFileReference; fileEncoding = 4; lastKnownFileType = file.storyboard; path = QRCodeViewController.storyboard; sourceTree = "<group>"; };
		A003C9171C5418E000575C7A /* QRCodeViewController.swift */ = {isa = PBXFileReference; fileEncoding = 4; lastKnownFileType = sourcecode.swift; path = QRCodeViewController.swift; sourceTree = "<group>"; };
		A00481711C5228A90071EFFF /* WeiBo.app */ = {isa = PBXFileReference; explicitFileType = wrapper.application; includeInIndex = 0; path = WeiBo.app; sourceTree = BUILT_PRODUCTS_DIR; };
		A00481741C5228A90071EFFF /* AppDelegate.swift */ = {isa = PBXFileReference; lastKnownFileType = sourcecode.swift; path = AppDelegate.swift; sourceTree = "<group>"; };
		A004817B1C5228A90071EFFF /* Assets.xcassets */ = {isa = PBXFileReference; lastKnownFileType = folder.assetcatalog; path = Assets.xcassets; sourceTree = "<group>"; };
		A00481801C5228A90071EFFF /* Info.plist */ = {isa = PBXFileReference; lastKnownFileType = text.plist.xml; path = Info.plist; sourceTree = "<group>"; };
		A00481851C5228A90071EFFF /* WeiBoTests.xctest */ = {isa = PBXFileReference; explicitFileType = wrapper.cfbundle; includeInIndex = 0; path = WeiBoTests.xctest; sourceTree = BUILT_PRODUCTS_DIR; };
		A00481891C5228A90071EFFF /* WeiBoTests.swift */ = {isa = PBXFileReference; lastKnownFileType = sourcecode.swift; path = WeiBoTests.swift; sourceTree = "<group>"; };
		A004818B1C5228A90071EFFF /* Info.plist */ = {isa = PBXFileReference; lastKnownFileType = text.plist.xml; path = Info.plist; sourceTree = "<group>"; };
		A00481901C5228A90071EFFF /* WeiBoUITests.xctest */ = {isa = PBXFileReference; explicitFileType = wrapper.cfbundle; includeInIndex = 0; path = WeiBoUITests.xctest; sourceTree = BUILT_PRODUCTS_DIR; };
		A00481941C5228A90071EFFF /* WeiBoUITests.swift */ = {isa = PBXFileReference; lastKnownFileType = sourcecode.swift; path = WeiBoUITests.swift; sourceTree = "<group>"; };
		A00481961C5228A90071EFFF /* Info.plist */ = {isa = PBXFileReference; lastKnownFileType = text.plist.xml; path = Info.plist; sourceTree = "<group>"; };
		A00481AA1C523CAE0071EFFF /* MainViewController.swift */ = {isa = PBXFileReference; fileEncoding = 4; lastKnownFileType = sourcecode.swift; path = MainViewController.swift; sourceTree = "<group>"; };
		A00481AC1C523CC80071EFFF /* HomeTableViewController.swift */ = {isa = PBXFileReference; fileEncoding = 4; lastKnownFileType = sourcecode.swift; path = HomeTableViewController.swift; sourceTree = "<group>"; };
		A00481AE1C523CEF0071EFFF /* DiscoverTableViewController.swift */ = {isa = PBXFileReference; fileEncoding = 4; lastKnownFileType = sourcecode.swift; path = DiscoverTableViewController.swift; sourceTree = "<group>"; };
		A00481B01C523D000071EFFF /* MessageTableViewController.swift */ = {isa = PBXFileReference; fileEncoding = 4; lastKnownFileType = sourcecode.swift; path = MessageTableViewController.swift; sourceTree = "<group>"; };
		A00481B21C523D0B0071EFFF /* ProfileTableViewController.swift */ = {isa = PBXFileReference; fileEncoding = 4; lastKnownFileType = sourcecode.swift; path = ProfileTableViewController.swift; sourceTree = "<group>"; };
		A00481B51C5256E60071EFFF /* MainVCSettings.json */ = {isa = PBXFileReference; fileEncoding = 4; lastKnownFileType = text.json; path = MainVCSettings.json; sourceTree = "<group>"; };
		A007F0771C528C5E00523691 /* NullTableViewController.swift */ = {isa = PBXFileReference; fileEncoding = 4; lastKnownFileType = sourcecode.swift; path = NullTableViewController.swift; sourceTree = "<group>"; };
		A007F0791C529BA000523691 /* BaseTableViewController.swift */ = {isa = PBXFileReference; fileEncoding = 4; lastKnownFileType = sourcecode.swift; path = BaseTableViewController.swift; sourceTree = "<group>"; };
		A007F07B1C529FB300523691 /* VisitorView.swift */ = {isa = PBXFileReference; fileEncoding = 4; lastKnownFileType = sourcecode.swift; path = VisitorView.swift; sourceTree = "<group>"; };
		A007F07D1C52A43000523691 /* UIView+AutoLayout.swift */ = {isa = PBXFileReference; fileEncoding = 4; lastKnownFileType = sourcecode.swift; path = "UIView+AutoLayout.swift"; sourceTree = "<group>"; };
		A0F90F831C570DD100F65BDF /* OAuthViewController.swift */ = {isa = PBXFileReference; fileEncoding = 4; lastKnownFileType = sourcecode.swift; path = OAuthViewController.swift; sourceTree = "<group>"; };
		A0F90F851C57202400F65BDF /* NetworkTools.swift */ = {isa = PBXFileReference; fileEncoding = 4; lastKnownFileType = sourcecode.swift; path = NetworkTools.swift; sourceTree = "<group>"; };
		A0F90FC61C5756C100F65BDF /* UserAccount.swift */ = {isa = PBXFileReference; fileEncoding = 4; lastKnownFileType = sourcecode.swift; path = UserAccount.swift; sourceTree = "<group>"; };
		A0F90FC81C578A0500F65BDF /* String+Category.swift */ = {isa = PBXFileReference; fileEncoding = 4; lastKnownFileType = sourcecode.swift; path = "String+Category.swift"; sourceTree = "<group>"; };
		A0FC3BCF1C558D2D00872A56 /* QRCodeCardViewController.swift */ = {isa = PBXFileReference; fileEncoding = 4; lastKnownFileType = sourcecode.swift; path = QRCodeCardViewController.swift; sourceTree = "<group>"; };
/* End PBXFileReference section */

/* Begin PBXFrameworksBuildPhase section */
		A004816E1C5228A90071EFFF /* Frameworks */ = {
			isa = PBXFrameworksBuildPhase;
			buildActionMask = 2147483647;
			files = (
				5C9E26655BE0875910F2BEFF /* Pods.framework in Frameworks */,
			);
			runOnlyForDeploymentPostprocessing = 0;
		};
		A00481821C5228A90071EFFF /* Frameworks */ = {
			isa = PBXFrameworksBuildPhase;
			buildActionMask = 2147483647;
			files = (
			);
			runOnlyForDeploymentPostprocessing = 0;
		};
		A004818D1C5228A90071EFFF /* Frameworks */ = {
			isa = PBXFrameworksBuildPhase;
			buildActionMask = 2147483647;
			files = (
			);
			runOnlyForDeploymentPostprocessing = 0;
		};
/* End PBXFrameworksBuildPhase section */

/* Begin PBXGroup section */
		62E038A4F312594B9D12AF1F /* Pods */ = {
			isa = PBXGroup;
			children = (
				85048AABAB31CA72F7BCF05F /* Pods.debug.xcconfig */,
				4549C0B86E3B7C9BDC1ECA59 /* Pods.release.xcconfig */,
			);
			name = Pods;
			sourceTree = "<group>";
		};
		76763B6EEC35B5FDAD58AD7D /* Frameworks */ = {
			isa = PBXGroup;
			children = (
				01608DF6FC226A9755C981A7 /* Pods.framework */,
			);
			name = Frameworks;
			sourceTree = "<group>";
		};
		A003C9091C53D8D600575C7A /* Popover */ = {
			isa = PBXGroup;
			children = (
				A003C90A1C53DC1200575C7A /* PopoverViewController.storyboard */,
				A003C9101C53E5CA00575C7A /* PopoverViewController.swift */,
				A003C90E1C53E54C00575C7A /* PopoverPresentationController.swift */,
				A003C9121C5404D800575C7A /* PopoverAnimator.swift */,
			);
			path = Popover;
			sourceTree = "<group>";
		};
		A003C9141C5417F300575C7A /* QRCode */ = {
			isa = PBXGroup;
			children = (
				A003C9151C54184B00575C7A /* QRCodeViewController.storyboard */,
				A003C9171C5418E000575C7A /* QRCodeViewController.swift */,
				A0FC3BCF1C558D2D00872A56 /* QRCodeCardViewController.swift */,
			);
			path = QRCode;
			sourceTree = "<group>";
		};
		A00481681C5228A90071EFFF = {
			isa = PBXGroup;
			children = (
				A00481731C5228A90071EFFF /* WeiBo */,
				A00481881C5228A90071EFFF /* WeiBoTests */,
				A00481931C5228A90071EFFF /* WeiBoUITests */,
				A00481721C5228A90071EFFF /* Products */,
				62E038A4F312594B9D12AF1F /* Pods */,
				76763B6EEC35B5FDAD58AD7D /* Frameworks */,
			);
			sourceTree = "<group>";
		};
		A00481721C5228A90071EFFF /* Products */ = {
			isa = PBXGroup;
			children = (
				A00481711C5228A90071EFFF /* WeiBo.app */,
				A00481851C5228A90071EFFF /* WeiBoTests.xctest */,
				A00481901C5228A90071EFFF /* WeiBoUITests.xctest */,
			);
			name = Products;
			sourceTree = "<group>";
		};
		A00481731C5228A90071EFFF /* WeiBo */ = {
			isa = PBXGroup;
			children = (
				A00481741C5228A90071EFFF /* AppDelegate.swift */,
				A00481A21C523BDA0071EFFF /* Classes */,
				A004817B1C5228A90071EFFF /* Assets.xcassets */,
				A00481801C5228A90071EFFF /* Info.plist */,
			);
			path = WeiBo;
			sourceTree = "<group>";
		};
		A00481881C5228A90071EFFF /* WeiBoTests */ = {
			isa = PBXGroup;
			children = (
				A00481891C5228A90071EFFF /* WeiBoTests.swift */,
				A004818B1C5228A90071EFFF /* Info.plist */,
			);
			path = WeiBoTests;
			sourceTree = "<group>";
		};
		A00481931C5228A90071EFFF /* WeiBoUITests */ = {
			isa = PBXGroup;
			children = (
				A00481941C5228A90071EFFF /* WeiBoUITests.swift */,
				A00481961C5228A90071EFFF /* Info.plist */,
			);
			path = WeiBoUITests;
			sourceTree = "<group>";
		};
		A00481A21C523BDA0071EFFF /* Classes */ = {
			isa = PBXGroup;
			children = (
				A0F90F821C570DBF00F65BDF /* OAuth */,
				A00481A31C523BDA0071EFFF /* Common */,
				A00481A41C523BDA0071EFFF /* Discover */,
				A00481A51C523BDA0071EFFF /* Home */,
				A00481A61C523BDA0071EFFF /* Main */,
				A00481A71C523BDA0071EFFF /* Message */,
				A00481A81C523BDA0071EFFF /* Profile */,
				A00481A91C523BDA0071EFFF /* Tools */,
			);
			path = Classes;
			sourceTree = "<group>";
		};
		A00481A31C523BDA0071EFFF /* Common */ = {
			isa = PBXGroup;
			children = (
				A003C9051C53BFCC00575C7A /* UIBarButtonItem+Category.swift */,
				A003C9071C53CDB600575C7A /* TitleButton.swift */,
			);
			path = Common;
			sourceTree = "<group>";
		};
		A00481A41C523BDA0071EFFF /* Discover */ = {
			isa = PBXGroup;
			children = (
				A00481AE1C523CEF0071EFFF /* DiscoverTableViewController.swift */,
			);
			path = Discover;
			sourceTree = "<group>";
		};
		A00481A51C523BDA0071EFFF /* Home */ = {
			isa = PBXGroup;
			children = (
				A003C9141C5417F300575C7A /* QRCode */,
				A003C9091C53D8D600575C7A /* Popover */,
				A00481AC1C523CC80071EFFF /* HomeTableViewController.swift */,
			);
			path = Home;
			sourceTree = "<group>";
		};
		A00481A61C523BDA0071EFFF /* Main */ = {
			isa = PBXGroup;
			children = (
				A00481AA1C523CAE0071EFFF /* MainViewController.swift */,
				A007F0791C529BA000523691 /* BaseTableViewController.swift */,
				A007F07B1C529FB300523691 /* VisitorView.swift */,
				A00481B41C5256E60071EFFF /* Resource */,
			);
			path = Main;
			sourceTree = "<group>";
		};
		A00481A71C523BDA0071EFFF /* Message */ = {
			isa = PBXGroup;
			children = (
				A00481B01C523D000071EFFF /* MessageTableViewController.swift */,
			);
			path = Message;
			sourceTree = "<group>";
		};
		A00481A81C523BDA0071EFFF /* Profile */ = {
			isa = PBXGroup;
			children = (
				A00481B21C523D0B0071EFFF /* ProfileTableViewController.swift */,
			);
			path = Profile;
			sourceTree = "<group>";
		};
		A00481A91C523BDA0071EFFF /* Tools */ = {
			isa = PBXGroup;
			children = (
				A007F07D1C52A43000523691 /* UIView+AutoLayout.swift */,
				A0F90F851C57202400F65BDF /* NetworkTools.swift */,
				A0F90FC81C578A0500F65BDF /* String+Category.swift */,
			);
			path = Tools;
			sourceTree = "<group>";
		};
		A00481B41C5256E60071EFFF /* Resource */ = {
			isa = PBXGroup;
			children = (
				A00481B51C5256E60071EFFF /* MainVCSettings.json */,
				A007F0771C528C5E00523691 /* NullTableViewController.swift */,
			);
			path = Resource;
			sourceTree = "<group>";
		};
		A0F90F821C570DBF00F65BDF /* OAuth */ = {
			isa = PBXGroup;
			children = (
				A0F90F831C570DD100F65BDF /* OAuthViewController.swift */,
				A0F90FC61C5756C100F65BDF /* UserAccount.swift */,
			);
			path = OAuth;
			sourceTree = "<group>";
		};
/* End PBXGroup section */

/* Begin PBXNativeTarget section */
		A00481701C5228A90071EFFF /* WeiBo */ = {
			isa = PBXNativeTarget;
			buildConfigurationList = A00481991C5228A90071EFFF /* Build configuration list for PBXNativeTarget "WeiBo" */;
			buildPhases = (
				6A8D6B922DD17B212F889B1C /* Check Pods Manifest.lock */,
				A004816D1C5228A90071EFFF /* Sources */,
				A004816E1C5228A90071EFFF /* Frameworks */,
				A004816F1C5228A90071EFFF /* Resources */,
				F8192B58897B10BF6646DA57 /* Embed Pods Frameworks */,
				B3BBE7C00B6366624EE9D3ED /* Copy Pods Resources */,
			);
			buildRules = (
			);
			dependencies = (
			);
			name = WeiBo;
			productName = WeiBo;
			productReference = A00481711C5228A90071EFFF /* WeiBo.app */;
			productType = "com.apple.product-type.application";
		};
		A00481841C5228A90071EFFF /* WeiBoTests */ = {
			isa = PBXNativeTarget;
			buildConfigurationList = A004819C1C5228A90071EFFF /* Build configuration list for PBXNativeTarget "WeiBoTests" */;
			buildPhases = (
				A00481811C5228A90071EFFF /* Sources */,
				A00481821C5228A90071EFFF /* Frameworks */,
				A00481831C5228A90071EFFF /* Resources */,
			);
			buildRules = (
			);
			dependencies = (
				A00481871C5228A90071EFFF /* PBXTargetDependency */,
			);
			name = WeiBoTests;
			productName = WeiBoTests;
			productReference = A00481851C5228A90071EFFF /* WeiBoTests.xctest */;
			productType = "com.apple.product-type.bundle.unit-test";
		};
		A004818F1C5228A90071EFFF /* WeiBoUITests */ = {
			isa = PBXNativeTarget;
			buildConfigurationList = A004819F1C5228A90071EFFF /* Build configuration list for PBXNativeTarget "WeiBoUITests" */;
			buildPhases = (
				A004818C1C5228A90071EFFF /* Sources */,
				A004818D1C5228A90071EFFF /* Frameworks */,
				A004818E1C5228A90071EFFF /* Resources */,
			);
			buildRules = (
			);
			dependencies = (
				A00481921C5228A90071EFFF /* PBXTargetDependency */,
			);
			name = WeiBoUITests;
			productName = WeiBoUITests;
			productReference = A00481901C5228A90071EFFF /* WeiBoUITests.xctest */;
			productType = "com.apple.product-type.bundle.ui-testing";
		};
/* End PBXNativeTarget section */

/* Begin PBXProject section */
		A00481691C5228A90071EFFF /* Project object */ = {
			isa = PBXProject;
			attributes = {
				LastSwiftUpdateCheck = 0710;
				LastUpgradeCheck = 0710;
				ORGANIZATIONNAME = wuribatu;
				TargetAttributes = {
					A00481701C5228A90071EFFF = {
						CreatedOnToolsVersion = 7.1.1;
						DevelopmentTeam = 54S6G63T6M;
					};
					A00481841C5228A90071EFFF = {
						CreatedOnToolsVersion = 7.1.1;
						TestTargetID = A00481701C5228A90071EFFF;
					};
					A004818F1C5228A90071EFFF = {
						CreatedOnToolsVersion = 7.1.1;
						TestTargetID = A00481701C5228A90071EFFF;
					};
				};
			};
			buildConfigurationList = A004816C1C5228A90071EFFF /* Build configuration list for PBXProject "WeiBo" */;
			compatibilityVersion = "Xcode 3.2";
			developmentRegion = English;
			hasScannedForEncodings = 0;
			knownRegions = (
				en,
				Base,
			);
			mainGroup = A00481681C5228A90071EFFF;
			productRefGroup = A00481721C5228A90071EFFF /* Products */;
			projectDirPath = "";
			projectRoot = "";
			targets = (
				A00481701C5228A90071EFFF /* WeiBo */,
				A00481841C5228A90071EFFF /* WeiBoTests */,
				A004818F1C5228A90071EFFF /* WeiBoUITests */,
			);
		};
/* End PBXProject section */

/* Begin PBXResourcesBuildPhase section */
		A004816F1C5228A90071EFFF /* Resources */ = {
			isa = PBXResourcesBuildPhase;
			buildActionMask = 2147483647;
			files = (
				A003C90B1C53DC1200575C7A /* PopoverViewController.storyboard in Resources */,
				A00481B71C5256E60071EFFF /* MainVCSettings.json in Resources */,
				A004817C1C5228A90071EFFF /* Assets.xcassets in Resources */,
				A003C9161C54184B00575C7A /* QRCodeViewController.storyboard in Resources */,
			);
			runOnlyForDeploymentPostprocessing = 0;
		};
		A00481831C5228A90071EFFF /* Resources */ = {
			isa = PBXResourcesBuildPhase;
			buildActionMask = 2147483647;
			files = (
			);
			runOnlyForDeploymentPostprocessing = 0;
		};
		A004818E1C5228A90071EFFF /* Resources */ = {
			isa = PBXResourcesBuildPhase;
			buildActionMask = 2147483647;
			files = (
			);
			runOnlyForDeploymentPostprocessing = 0;
		};
/* End PBXResourcesBuildPhase section */

/* Begin PBXShellScriptBuildPhase section */
		6A8D6B922DD17B212F889B1C /* Check Pods Manifest.lock */ = {
			isa = PBXShellScriptBuildPhase;
			buildActionMask = 2147483647;
			files = (
			);
			inputPaths = (
			);
			name = "Check Pods Manifest.lock";
			outputPaths = (
			);
			runOnlyForDeploymentPostprocessing = 0;
			shellPath = /bin/sh;
			shellScript = "diff \"${PODS_ROOT}/../Podfile.lock\" \"${PODS_ROOT}/Manifest.lock\" > /dev/null\nif [[ $? != 0 ]] ; then\n    cat << EOM\nerror: The sandbox is not in sync with the Podfile.lock. Run 'pod install' or update your CocoaPods installation.\nEOM\n    exit 1\nfi\n";
			showEnvVarsInLog = 0;
		};
		B3BBE7C00B6366624EE9D3ED /* Copy Pods Resources */ = {
			isa = PBXShellScriptBuildPhase;
			buildActionMask = 2147483647;
			files = (
			);
			inputPaths = (
			);
			name = "Copy Pods Resources";
			outputPaths = (
			);
			runOnlyForDeploymentPostprocessing = 0;
			shellPath = /bin/sh;
			shellScript = "\"${SRCROOT}/Pods/Target Support Files/Pods/Pods-resources.sh\"\n";
			showEnvVarsInLog = 0;
		};
		F8192B58897B10BF6646DA57 /* Embed Pods Frameworks */ = {
			isa = PBXShellScriptBuildPhase;
			buildActionMask = 2147483647;
			files = (
			);
			inputPaths = (
			);
			name = "Embed Pods Frameworks";
			outputPaths = (
			);
			runOnlyForDeploymentPostprocessing = 0;
			shellPath = /bin/sh;
			shellScript = "\"${SRCROOT}/Pods/Target Support Files/Pods/Pods-frameworks.sh\"\n";
			showEnvVarsInLog = 0;
		};
/* End PBXShellScriptBuildPhase section */

/* Begin PBXSourcesBuildPhase section */
		A004816D1C5228A90071EFFF /* Sources */ = {
			isa = PBXSourcesBuildPhase;
			buildActionMask = 2147483647;
			files = (
				A00481B31C523D0B0071EFFF /* ProfileTableViewController.swift in Sources */,
				A007F0781C528C5E00523691 /* NullTableViewController.swift in Sources */,
				A003C9181C5418E000575C7A /* QRCodeViewController.swift in Sources */,
				A003C9111C53E5CA00575C7A /* PopoverViewController.swift in Sources */,
				A0F90FC71C5756C200F65BDF /* UserAccount.swift in Sources */,
				A007F07A1C529BA000523691 /* BaseTableViewController.swift in Sources */,
				A0F90F861C57202400F65BDF /* NetworkTools.swift in Sources */,
				A00481AD1C523CC80071EFFF /* HomeTableViewController.swift in Sources */,
				A0FC3BD01C558D2D00872A56 /* QRCodeCardViewController.swift in Sources */,
				A00481AB1C523CAE0071EFFF /* MainViewController.swift in Sources */,
				A003C9061C53BFCC00575C7A /* UIBarButtonItem+Category.swift in Sources */,
				A007F07E1C52A43000523691 /* UIView+AutoLayout.swift in Sources */,
				A0F90F841C570DD100F65BDF /* OAuthViewController.swift in Sources */,
				A00481AF1C523CEF0071EFFF /* DiscoverTableViewController.swift in Sources */,
				A007F07C1C529FB300523691 /* VisitorView.swift in Sources */,
				A003C9131C5404D800575C7A /* PopoverAnimator.swift in Sources */,
				A00481B11C523D000071EFFF /* MessageTableViewController.swift in Sources */,
				A003C9081C53CDB600575C7A /* TitleButton.swift in Sources */,
				A0F90FC91C578A0500F65BDF /* String+Category.swift in Sources */,
				A00481751C5228A90071EFFF /* AppDelegate.swift in Sources */,
				A003C90F1C53E54C00575C7A /* PopoverPresentationController.swift in Sources */,
			);
			runOnlyForDeploymentPostprocessing = 0;
		};
		A00481811C5228A90071EFFF /* Sources */ = {
			isa = PBXSourcesBuildPhase;
			buildActionMask = 2147483647;
			files = (
				A004818A1C5228A90071EFFF /* WeiBoTests.swift in Sources */,
			);
			runOnlyForDeploymentPostprocessing = 0;
		};
		A004818C1C5228A90071EFFF /* Sources */ = {
			isa = PBXSourcesBuildPhase;
			buildActionMask = 2147483647;
			files = (
				A00481951C5228A90071EFFF /* WeiBoUITests.swift in Sources */,
			);
			runOnlyForDeploymentPostprocessing = 0;
		};
/* End PBXSourcesBuildPhase section */

/* Begin PBXTargetDependency section */
		A00481871C5228A90071EFFF /* PBXTargetDependency */ = {
			isa = PBXTargetDependency;
			target = A00481701C5228A90071EFFF /* WeiBo */;
			targetProxy = A00481861C5228A90071EFFF /* PBXContainerItemProxy */;
		};
		A00481921C5228A90071EFFF /* PBXTargetDependency */ = {
			isa = PBXTargetDependency;
			target = A00481701C5228A90071EFFF /* WeiBo */;
			targetProxy = A00481911C5228A90071EFFF /* PBXContainerItemProxy */;
		};
/* End PBXTargetDependency section */

/* Begin XCBuildConfiguration section */
		A00481971C5228A90071EFFF /* Debug */ = {
			isa = XCBuildConfiguration;
			buildSettings = {
				ALWAYS_SEARCH_USER_PATHS = NO;
				CLANG_CXX_LANGUAGE_STANDARD = "gnu++0x";
				CLANG_CXX_LIBRARY = "libc++";
				CLANG_ENABLE_MODULES = YES;
				CLANG_ENABLE_OBJC_ARC = YES;
				CLANG_WARN_BOOL_CONVERSION = YES;
				CLANG_WARN_CONSTANT_CONVERSION = YES;
				CLANG_WARN_DIRECT_OBJC_ISA_USAGE = YES_ERROR;
				CLANG_WARN_EMPTY_BODY = YES;
				CLANG_WARN_ENUM_CONVERSION = YES;
				CLANG_WARN_INT_CONVERSION = YES;
				CLANG_WARN_OBJC_ROOT_CLASS = YES_ERROR;
				CLANG_WARN_UNREACHABLE_CODE = YES;
				CLANG_WARN__DUPLICATE_METHOD_MATCH = YES;
				"CODE_SIGN_IDENTITY[sdk=iphoneos*]" = "iPhone Developer";
				COPY_PHASE_STRIP = NO;
				DEBUG_INFORMATION_FORMAT = dwarf;
				ENABLE_STRICT_OBJC_MSGSEND = YES;
				ENABLE_TESTABILITY = YES;
				GCC_C_LANGUAGE_STANDARD = gnu99;
				GCC_DYNAMIC_NO_PIC = NO;
				GCC_NO_COMMON_BLOCKS = YES;
				GCC_OPTIMIZATION_LEVEL = 0;
				GCC_PREPROCESSOR_DEFINITIONS = (
					"DEBUG=1",
					"$(inherited)",
				);
				GCC_WARN_64_TO_32_BIT_CONVERSION = YES;
				GCC_WARN_ABOUT_RETURN_TYPE = YES_ERROR;
				GCC_WARN_UNDECLARED_SELECTOR = YES;
				GCC_WARN_UNINITIALIZED_AUTOS = YES_AGGRESSIVE;
				GCC_WARN_UNUSED_FUNCTION = YES;
				GCC_WARN_UNUSED_VARIABLE = YES;
				IPHONEOS_DEPLOYMENT_TARGET = 9.1;
				MTL_ENABLE_DEBUG_INFO = YES;
				ONLY_ACTIVE_ARCH = YES;
				SDKROOT = iphoneos;
				SWIFT_OPTIMIZATION_LEVEL = "-Onone";
				TARGETED_DEVICE_FAMILY = "1,2";
			};
			name = Debug;
		};
		A00481981C5228A90071EFFF /* Release */ = {
			isa = XCBuildConfiguration;
			buildSettings = {
				ALWAYS_SEARCH_USER_PATHS = NO;
				CLANG_CXX_LANGUAGE_STANDARD = "gnu++0x";
				CLANG_CXX_LIBRARY = "libc++";
				CLANG_ENABLE_MODULES = YES;
				CLANG_ENABLE_OBJC_ARC = YES;
				CLANG_WARN_BOOL_CONVERSION = YES;
				CLANG_WARN_CONSTANT_CONVERSION = YES;
				CLANG_WARN_DIRECT_OBJC_ISA_USAGE = YES_ERROR;
				CLANG_WARN_EMPTY_BODY = YES;
				CLANG_WARN_ENUM_CONVERSION = YES;
				CLANG_WARN_INT_CONVERSION = YES;
				CLANG_WARN_OBJC_ROOT_CLASS = YES_ERROR;
				CLANG_WARN_UNREACHABLE_CODE = YES;
				CLANG_WARN__DUPLICATE_METHOD_MATCH = YES;
				"CODE_SIGN_IDENTITY[sdk=iphoneos*]" = "iPhone Developer";
				COPY_PHASE_STRIP = NO;
				DEBUG_INFORMATION_FORMAT = "dwarf-with-dsym";
				ENABLE_NS_ASSERTIONS = NO;
				ENABLE_STRICT_OBJC_MSGSEND = YES;
				GCC_C_LANGUAGE_STANDARD = gnu99;
				GCC_NO_COMMON_BLOCKS = YES;
				GCC_WARN_64_TO_32_BIT_CONVERSION = YES;
				GCC_WARN_ABOUT_RETURN_TYPE = YES_ERROR;
				GCC_WARN_UNDECLARED_SELECTOR = YES;
				GCC_WARN_UNINITIALIZED_AUTOS = YES_AGGRESSIVE;
				GCC_WARN_UNUSED_FUNCTION = YES;
				GCC_WARN_UNUSED_VARIABLE = YES;
				IPHONEOS_DEPLOYMENT_TARGET = 9.1;
				MTL_ENABLE_DEBUG_INFO = NO;
				SDKROOT = iphoneos;
				TARGETED_DEVICE_FAMILY = "1,2";
				VALIDATE_PRODUCT = YES;
			};
			name = Release;
		};
		A004819A1C5228A90071EFFF /* Debug */ = {
			isa = XCBuildConfiguration;
			baseConfigurationReference = 85048AABAB31CA72F7BCF05F /* Pods.debug.xcconfig */;
			buildSettings = {
				ASSETCATALOG_COMPILER_APPICON_NAME = AppIcon;
				ASSETCATALOG_COMPILER_LAUNCHIMAGE_NAME = LaunchImage;
				CODE_SIGN_IDENTITY = "iPhone Developer";
				"CODE_SIGN_IDENTITY[sdk=iphoneos*]" = "iPhone Developer";
				INFOPLIST_FILE = WeiBo/Info.plist;
				IPHONEOS_DEPLOYMENT_TARGET = 8.0;
				LD_RUNPATH_SEARCH_PATHS = "$(inherited) @executable_path/Frameworks";
				PRODUCT_BUNDLE_IDENTIFIER = com.wuribatu.WeiBo;
				PRODUCT_NAME = "$(TARGET_NAME)";
				PROVISIONING_PROFILE = "";
			};
			name = Debug;
		};
		A004819B1C5228A90071EFFF /* Release */ = {
			isa = XCBuildConfiguration;
			baseConfigurationReference = 4549C0B86E3B7C9BDC1ECA59 /* Pods.release.xcconfig */;
			buildSettings = {
				ASSETCATALOG_COMPILER_APPICON_NAME = AppIcon;
				ASSETCATALOG_COMPILER_LAUNCHIMAGE_NAME = LaunchImage;
				CODE_SIGN_IDENTITY = "iPhone Developer";
				"CODE_SIGN_IDENTITY[sdk=iphoneos*]" = "iPhone Developer";
				INFOPLIST_FILE = WeiBo/Info.plist;
				IPHONEOS_DEPLOYMENT_TARGET = 8.0;
				LD_RUNPATH_SEARCH_PATHS = "$(inherited) @executable_path/Frameworks";
				PRODUCT_BUNDLE_IDENTIFIER = com.wuribatu.WeiBo;
				PRODUCT_NAME = "$(TARGET_NAME)";
				PROVISIONING_PROFILE = "";
			};
			name = Release;
		};
		A004819D1C5228A90071EFFF /* Debug */ = {
			isa = XCBuildConfiguration;
			buildSettings = {
				BUNDLE_LOADER = "$(TEST_HOST)";
				INFOPLIST_FILE = WeiBoTests/Info.plist;
				LD_RUNPATH_SEARCH_PATHS = "$(inherited) @executable_path/Frameworks @loader_path/Frameworks";
				PRODUCT_BUNDLE_IDENTIFIER = com.wuribatu.WeiBoTests;
				PRODUCT_NAME = "$(TARGET_NAME)";
				TEST_HOST = "$(BUILT_PRODUCTS_DIR)/WeiBo.app/WeiBo";
			};
			name = Debug;
		};
		A004819E1C5228A90071EFFF /* Release */ = {
			isa = XCBuildConfiguration;
			buildSettings = {
				BUNDLE_LOADER = "$(TEST_HOST)";
				INFOPLIST_FILE = WeiBoTests/Info.plist;
				LD_RUNPATH_SEARCH_PATHS = "$(inherited) @executable_path/Frameworks @loader_path/Frameworks";
				PRODUCT_BUNDLE_IDENTIFIER = com.wuribatu.WeiBoTests;
				PRODUCT_NAME = "$(TARGET_NAME)";
				TEST_HOST = "$(BUILT_PRODUCTS_DIR)/WeiBo.app/WeiBo";
			};
			name = Release;
		};
		A00481A01C5228A90071EFFF /* Debug */ = {
			isa = XCBuildConfiguration;
			buildSettings = {
				INFOPLIST_FILE = WeiBoUITests/Info.plist;
				LD_RUNPATH_SEARCH_PATHS = "$(inherited) @executable_path/Frameworks @loader_path/Frameworks";
				PRODUCT_BUNDLE_IDENTIFIER = com.wuribatu.WeiBoUITests;
				PRODUCT_NAME = "$(TARGET_NAME)";
				TEST_TARGET_NAME = WeiBo;
				USES_XCTRUNNER = YES;
			};
			name = Debug;
		};
		A00481A11C5228A90071EFFF /* Release */ = {
			isa = XCBuildConfiguration;
			buildSettings = {
				INFOPLIST_FILE = WeiBoUITests/Info.plist;
				LD_RUNPATH_SEARCH_PATHS = "$(inherited) @executable_path/Frameworks @loader_path/Frameworks";
				PRODUCT_BUNDLE_IDENTIFIER = com.wuribatu.WeiBoUITests;
				PRODUCT_NAME = "$(TARGET_NAME)";
				TEST_TARGET_NAME = WeiBo;
				USES_XCTRUNNER = YES;
			};
			name = Release;
		};
/* End XCBuildConfiguration section */

/* Begin XCConfigurationList section */
		A004816C1C5228A90071EFFF /* Build configuration list for PBXProject "WeiBo" */ = {
			isa = XCConfigurationList;
			buildConfigurations = (
				A00481971C5228A90071EFFF /* Debug */,
				A00481981C5228A90071EFFF /* Release */,
			);
			defaultConfigurationIsVisible = 0;
			defaultConfigurationName = Release;
		};
		A00481991C5228A90071EFFF /* Build configuration list for PBXNativeTarget "WeiBo" */ = {
			isa = XCConfigurationList;
			buildConfigurations = (
				A004819A1C5228A90071EFFF /* Debug */,
				A004819B1C5228A90071EFFF /* Release */,
			);
			defaultConfigurationIsVisible = 0;
			defaultConfigurationName = Release;
		};
		A004819C1C5228A90071EFFF /* Build configuration list for PBXNativeTarget "WeiBoTests" */ = {
			isa = XCConfigurationList;
			buildConfigurations = (
				A004819D1C5228A90071EFFF /* Debug */,
				A004819E1C5228A90071EFFF /* Release */,
			);
			defaultConfigurationIsVisible = 0;
			defaultConfigurationName = Release;
		};
		A004819F1C5228A90071EFFF /* Build configuration list for PBXNativeTarget "WeiBoUITests" */ = {
			isa = XCConfigurationList;
			buildConfigurations = (
				A00481A01C5228A90071EFFF /* Debug */,
				A00481A11C5228A90071EFFF /* Release */,
			);
			defaultConfigurationIsVisible = 0;
			defaultConfigurationName = Release;
		};
/* End XCConfigurationList section */
	};
	rootObject = A00481691C5228A90071EFFF /* Project object */;
}
